
Microsoft Visual Studio Solution File, Format Version 12.00
# Visual Studio Version 16
VisualStudioVersion = 16.0.30804.86
MinimumVisualStudioVersion = 10.0.40219.1
Project("{FAE04EC0-301F-11D3-BF4B-00C04F79EFBC}") = "Installation.UWP", "Installation\Installation.UWP\Installation.UWP.csproj", "{C20E08FB-B7CF-4CB6-8B79-FE46D6094F44}"
EndProject
Project("{FAE04EC0-301F-11D3-BF4B-00C04F79EFBC}") = "Installation.Android", "Installation\Installation.Android\Installation.Android.csproj", "{C9F7A00E-1AC8-4101-9796-79C4BA8F768B}"
EndProject
Project("{FAE04EC0-301F-11D3-BF4B-00C04F79EFBC}") = "Installation.iOS", "Installation\Installation.iOS\Installation.iOS.csproj", "{61DC06CA-9994-4ABD-867F-41251D785CFC}"
EndProject
Project("{FAE04EC0-301F-11D3-BF4B-00C04F79EFBC}") = "Installation", "Installation\Installation\Installation.csproj", "{DCADE47F-791A-4D70-9DDA-E21EB7BC6014}"
EndProject
Global
	GlobalSection(SolutionConfigurationPlatforms) = preSolution
		Debug|Any CPU = Debug|Any CPU
		Debug|ARM = Debug|ARM
		Debug|iPhone = Debug|iPhone
		Debug|iPhoneSimulator = Debug|iPhoneSimulator
		Debug|x64 = Debug|x64
		Debug|x86 = Debug|x86
		Release|Any CPU = Release|Any CPU
		Release|ARM = Release|ARM
		Release|iPhone = Release|iPhone
		Release|iPhoneSimulator = Release|iPhoneSimulator
		Release|x64 = Release|x64
		Release|x86 = Release|x86
	EndGlobalSection
	GlobalSection(ProjectConfigurationPlatforms) = postSolution
		{C20E08FB-B7CF-4CB6-8B79-FE46D6094F44}.Debug|Any CPU.ActiveCfg = Debug|x86
		{C20E08FB-B7CF-4CB6-8B79-FE46D6094F44}.Debug|Any CPU.Build.0 = Debug|x86
		{C20E08FB-B7CF-4CB6-8B79-FE46D6094F44}.Debug|Any CPU.Deploy.0 = Debug|x86
		{C20E08FB-B7CF-4CB6-8B79-FE46D6094F44}.Debug|ARM.ActiveCfg = Debug|ARM
		{C20E08FB-B7CF-4CB6-8B79-FE46D6094F44}.Debug|ARM.Build.0 = Debug|ARM
		{C20E08FB-B7CF-4CB6-8B79-FE46D6094F44}.Debug|ARM.Deploy.0 = Debug|ARM
		{C20E08FB-B7CF-4CB6-8B79-FE46D6094F44}.Debug|iPhone.ActiveCfg = Debug|x86
		{C20E08FB-B7CF-4CB6-8B79-FE46D6094F44}.Debug|iPhone.Build.0 = Debug|x86
		{C20E08FB-B7CF-4CB6-8B79-FE46D6094F44}.Debug|iPhone.Deploy.0 = Debug|x86
		{C20E08FB-B7CF-4CB6-8B79-FE46D6094F44}.Debug|iPhoneSimulator.ActiveCfg = Debug|x86
		{C20E08FB-B7CF-4CB6-8B79-FE46D6094F44}.Debug|iPhoneSimulator.Build.0 = Debug|x86
		{C20E08FB-B7CF-4CB6-8B79-FE46D6094F44}.Debug|iPhoneSimulator.Deploy.0 = Debug|x86
		{C20E08FB-B7CF-4CB6-8B79-FE46D6094F44}.Debug|x64.ActiveCfg = Debug|x64
		{C20E08FB-B7CF-4CB6-8B79-FE46D6094F44}.Debug|x64.Build.0 = Debug|x64
		{C20E08FB-B7CF-4CB6-8B79-FE46D6094F44}.Debug|x64.Deploy.0 = Debug|x64
		{C20E08FB-B7CF-4CB6-8B79-FE46D6094F44}.Debug|x86.ActiveCfg = Debug|x86
		{C20E08FB-B7CF-4CB6-8B79-FE46D6094F44}.Debug|x86.Build.0 = Debug|x86
		{C20E08FB-B7CF-4CB6-8B79-FE46D6094F44}.Debug|x86.Deploy.0 = Debug|x86
		{C20E08FB-B7CF-4CB6-8B79-FE46D6094F44}.Release|Any CPU.ActiveCfg = Release|x86
		{C20E08FB-B7CF-4CB6-8B79-FE46D6094F44}.Release|Any CPU.Build.0 = Release|x86
		{C20E08FB-B7CF-4CB6-8B79-FE46D6094F44}.Release|Any CPU.Deploy.0 = Release|x86
		{C20E08FB-B7CF-4CB6-8B79-FE46D6094F44}.Release|ARM.ActiveCfg = Release|ARM
		{C20E08FB-B7CF-4CB6-8B79-FE46D6094F44}.Release|ARM.Build.0 = Release|ARM
		{C20E08FB-B7CF-4CB6-8B79-FE46D6094F44}.Release|ARM.Deploy.0 = Release|ARM
		{C20E08FB-B7CF-4CB6-8B79-FE46D6094F44}.Release|iPhone.ActiveCfg = Release|x86
		{C20E08FB-B7CF-4CB6-8B79-FE46D6094F44}.Release|iPhone.Build.0 = Release|x86
		{C20E08FB-B7CF-4CB6-8B79-FE46D6094F44}.Release|iPhone.Deploy.0 = Release|x86
		{C20E08FB-B7CF-4CB6-8B79-FE46D6094F44}.Release|iPhoneSimulator.ActiveCfg = Release|x86
		{C20E08FB-B7CF-4CB6-8B79-FE46D6094F44}.Release|iPhoneSimulator.Build.0 = Release|x86
		{C20E08FB-B7CF-4CB6-8B79-FE46D6094F44}.Release|iPhoneSimulator.Deploy.0 = Release|x86
		{C20E08FB-B7CF-4CB6-8B79-FE46D6094F44}.Release|x64.ActiveCfg = Release|x64
		{C20E08FB-B7CF-4CB6-8B79-FE46D6094F44}.Release|x64.Build.0 = Release|x64
		{C20E08FB-B7CF-4CB6-8B79-FE46D6094F44}.Release|x64.Deploy.0 = Release|x64
		{C20E08FB-B7CF-4CB6-8B79-FE46D6094F44}.Release|x86.ActiveCfg = Release|x86
		{C20E08FB-B7CF-4CB6-8B79-FE46D6094F44}.Release|x86.Build.0 = Release|x86
		{C20E08FB-B7CF-4CB6-8B79-FE46D6094F44}.Release|x86.Deploy.0 = Release|x86
		{C9F7A00E-1AC8-4101-9796-79C4BA8F768B}.Debug|Any CPU.ActiveCfg = Debug|Any CPU
		{C9F7A00E-1AC8-4101-9796-79C4BA8F768B}.Debug|Any CPU.Build.0 = Debug|Any CPU
		{C9F7A00E-1AC8-4101-9796-79C4BA8F768B}.Debug|Any CPU.Deploy.0 = Debug|Any CPU
		{C9F7A00E-1AC8-4101-9796-79C4BA8F768B}.Debug|ARM.ActiveCfg = Debug|Any CPU
		{C9F7A00E-1AC8-4101-9796-79C4BA8F768B}.Debug|ARM.Build.0 = Debug|Any CPU
		{C9F7A00E-1AC8-4101-9796-79C4BA8F768B}.Debug|ARM.Deploy.0 = Debug|Any CPU
		{C9F7A00E-1AC8-4101-9796-79C4BA8F768B}.Debug|iPhone.ActiveCfg = Debug|Any CPU
		{C9F7A00E-1AC8-4101-9796-79C4BA8F768B}.Debug|iPhone.Build.0 = Debug|Any CPU
		{C9F7A00E-1AC8-4101-9796-79C4BA8F768B}.Debug|iPhone.Deploy.0 = Debug|Any CPU
		{C9F7A00E-1AC8-4101-9796-79C4BA8F768B}.Debug|iPhoneSimulator.ActiveCfg = Debug|Any CPU
		{C9F7A00E-1AC8-4101-9796-79C4BA8F768B}.Debug|iPhoneSimulator.Build.0 = Debug|Any CPU
		{C9F7A00E-1AC8-4101-9796-79C4BA8F768B}.Debug|iPhoneSimulator.Deploy.0 = Debug|Any CPU
		{C9F7A00E-1AC8-4101-9796-79C4BA8F768B}.Debug|x64.ActiveCfg = Debug|Any CPU
		{C9F7A00E-1AC8-4101-9796-79C4BA8F768B}.Debug|x64.Build.0 = Debug|Any CPU
		{C9F7A00E-1AC8-4101-9796-79C4BA8F768B}.Debug|x64.Deploy.0 = Debug|Any CPU
		{C9F7A00E-1AC8-4101-9796-79C4BA8F768B}.Debug|x86.ActiveCfg = Debug|Any CPU
		{C9F7A00E-1AC8-4101-9796-79C4BA8F768B}.Debug|x86.Build.0 = Debug|Any CPU
		{C9F7A00E-1AC8-4101-9796-79C4BA8F768B}.Debug|x86.Deploy.0 = Debug|Any CPU
		{C9F7A00E-1AC8-4101-9796-79C4BA8F768B}.Release|Any CPU.ActiveCfg = Release|Any CPU
		{C9F7A00E-1AC8-4101-9796-79C4BA8F768B}.Release|Any CPU.Build.0 = Release|Any CPU
		{C9F7A00E-1AC8-4101-9796-79C4BA8F768B}.Release|Any CPU.Deploy.0 = Release|Any CPU
		{C9F7A00E-1AC8-4101-9796-79C4BA8F768B}.Release|ARM.ActiveCfg = Release|Any CPU
		{C9F7A00E-1AC8-4101-9796-79C4BA8F768B}.Release|ARM.Build.0 = Release|Any CPU
		{C9F7A00E-1AC8-4101-9796-79C4BA8F768B}.Release|ARM.Deploy.0 = Release|Any CPU
		{C9F7A00E-1AC8-4101-9796-79C4BA8F768B}.Release|iPhone.ActiveCfg = Release|Any CPU
		{C9F7A00E-1AC8-4101-9796-79C4BA8F768B}.Release|iPhone.Build.0 = Release|Any CPU
		{C9F7A00E-1AC8-4101-9796-79C4BA8F768B}.Release|iPhone.Deploy.0 = Release|Any CPU
		{C9F7A00E-1AC8-4101-9796-79C4BA8F768B}.Release|iPhoneSimulator.ActiveCfg = Release|Any CPU
		{C9F7A00E-1AC8-4101-9796-79C4BA8F768B}.Release|iPhoneSimulator.Build.0 = Release|Any CPU
		{C9F7A00E-1AC8-4101-9796-79C4BA8F768B}.Release|iPhoneSimulator.Deploy.0 = Release|Any CPU
		{C9F7A00E-1AC8-4101-9796-79C4BA8F768B}.Release|x64.ActiveCfg = Release|Any CPU
		{C9F7A00E-1AC8-4101-9796-79C4BA8F768B}.Release|x64.Build.0 = Release|Any CPU
		{C9F7A00E-1AC8-4101-9796-79C4BA8F768B}.Release|x64.Deploy.0 = Release|Any CPU
		{C9F7A00E-1AC8-4101-9796-79C4BA8F768B}.Release|x86.ActiveCfg = Release|Any CPU
		{C9F7A00E-1AC8-4101-9796-79C4BA8F768B}.Release|x86.Build.0 = Release|Any CPU
		{C9F7A00E-1AC8-4101-9796-79C4BA8F768B}.Release|x86.Deploy.0 = Release|Any CPU
		{61DC06CA-9994-4ABD-867F-41251D785CFC}.Debug|Any CPU.ActiveCfg = Debug|iPhoneSimulator
		{61DC06CA-9994-4ABD-867F-41251D785CFC}.Debug|Any CPU.Build.0 = Debug|iPhoneSimulator
		{61DC06CA-9994-4ABD-867F-41251D785CFC}.Debug|Any CPU.Deploy.0 = Debug|iPhoneSimulator
		{61DC06CA-9994-4ABD-867F-41251D785CFC}.Debug|ARM.ActiveCfg = Debug|iPhone
		{61DC06CA-9994-4ABD-867F-41251D785CFC}.Debug|ARM.Build.0 = Debug|iPhone
		{61DC06CA-9994-4ABD-867F-41251D785CFC}.Debug|ARM.Deploy.0 = Debug|iPhone
		{61DC06CA-9994-4ABD-867F-41251D785CFC}.Debug|iPhone.ActiveCfg = Debug|iPhone
		{61DC06CA-9994-4ABD-867F-41251D785CFC}.Debug|iPhone.Build.0 = Debug|iPhone
		{61DC06CA-9994-4ABD-867F-41251D785CFC}.Debug|iPhone.Deploy.0 = Debug|iPhone
		{61DC06CA-9994-4ABD-867F-41251D785CFC}.Debug|iPhoneSimulator.ActiveCfg = Debug|iPhoneSimulator
		{61DC06CA-9994-4ABD-867F-41251D785CFC}.Debug|iPhoneSimulator.Build.0 = Debug|iPhoneSimulator
		{61DC06CA-9994-4ABD-867F-41251D785CFC}.Debug|iPhoneSimulator.Deploy.0 = Debug|iPhoneSimulator
		{61DC06CA-9994-4ABD-867F-41251D785CFC}.Debug|x64.ActiveCfg = Debug|iPhoneSimulator
		{61DC06CA-9994-4ABD-867F-41251D785CFC}.Debug|x64.Build.0 = Debug|iPhoneSimulator
		{61DC06CA-9994-4ABD-867F-41251D785CFC}.Debug|x64.Deploy.0 = Debug|iPhoneSimulator
		{61DC06CA-9994-4ABD-867F-41251D785CFC}.Debug|x86.ActiveCfg = Debug|iPhoneSimulator
		{61DC06CA-9994-4ABD-867F-41251D785CFC}.Debug|x86.Build.0 = Debug|iPhoneSimulator
		{61DC06CA-9994-4ABD-867F-41251D785CFC}.Debug|x86.Deploy.0 = Debug|iPhoneSimulator
		{61DC06CA-9994-4ABD-867F-41251D785CFC}.Release|Any CPU.ActiveCfg = Release|iPhoneSimulator
		{61DC06CA-9994-4ABD-867F-41251D785CFC}.Release|Any CPU.Build.0 = Release|iPhoneSimulator
		{61DC06CA-9994-4ABD-867F-41251D785CFC}.Release|Any CPU.Deploy.0 = Release|iPhoneSimulator
		{61DC06CA-9994-4ABD-867F-41251D785CFC}.Release|ARM.ActiveCfg = Release|iPhoneSimulator
		{61DC06CA-9994-4ABD-867F-41251D785CFC}.Release|ARM.Build.0 = Release|iPhoneSimulator
		{61DC06CA-9994-4ABD-867F-41251D785CFC}.Release|ARM.Deploy.0 = Release|iPhoneSimulator
		{61DC06CA-9994-4ABD-867F-41251D785CFC}.Release|iPhone.ActiveCfg = Release|iPhone
		{61DC06CA-9994-4ABD-867F-41251D785CFC}.Release|iPhone.Build.0 = Release|iPhone
		{61DC06CA-9994-4ABD-867F-41251D785CFC}.Release|iPhone.Deploy.0 = Release|iPhone
		{61DC06CA-9994-4ABD-867F-41251D785CFC}.Release|iPhoneSimulator.ActiveCfg = Release|iPhoneSimulator
		{61DC06CA-9994-4ABD-867F-41251D785CFC}.Release|iPhoneSimulator.Build.0 = Release|iPhoneSimulator
		{61DC06CA-9994-4ABD-867F-41251D785CFC}.Release|iPhoneSimulator.Deploy.0 = Release|iPhoneSimulator
		{61DC06CA-9994-4ABD-867F-41251D785CFC}.Release|x64.ActiveCfg = Release|iPhoneSimulator
		{61DC06CA-9994-4ABD-867F-41251D785CFC}.Release|x64.Build.0 = Release|iPhoneSimulator
		{61DC06CA-9994-4ABD-867F-41251D785CFC}.Release|x64.Deploy.0 = Release|iPhoneSimulator
		{61DC06CA-9994-4ABD-867F-41251D785CFC}.Release|x86.ActiveCfg = Release|iPhoneSimulator
		{61DC06CA-9994-4ABD-867F-41251D785CFC}.Release|x86.Build.0 = Release|iPhoneSimulator
		{61DC06CA-9994-4ABD-867F-41251D785CFC}.Release|x86.Deploy.0 = Release|iPhoneSimulator
		{DCADE47F-791A-4D70-9DDA-E21EB7BC6014}.Debug|Any CPU.ActiveCfg = Debug|Any CPU
		{DCADE47F-791A-4D70-9DDA-E21EB7BC6014}.Debug|Any CPU.Build.0 = Debug|Any CPU
		{DCADE47F-791A-4D70-9DDA-E21EB7BC6014}.Debug|Any CPU.Deploy.0 = Debug|Any CPU
		{DCADE47F-791A-4D70-9DDA-E21EB7BC6014}.Debug|ARM.ActiveCfg = Debug|Any CPU
		{DCADE47F-791A-4D70-9DDA-E21EB7BC6014}.Debug|ARM.Build.0 = Debug|Any CPU
		{DCADE47F-791A-4D70-9DDA-E21EB7BC6014}.Debug|ARM.Deploy.0 = Debug|Any CPU
		{DCADE47F-791A-4D70-9DDA-E21EB7BC6014}.Debug|iPhone.ActiveCfg = Debug|Any CPU
		{DCADE47F-791A-4D70-9DDA-E21EB7BC6014}.Debug|iPhone.Build.0 = Debug|Any CPU
		{DCADE47F-791A-4D70-9DDA-E21EB7BC6014}.Debug|iPhone.Deploy.0 = Debug|Any CPU
		{DCADE47F-791A-4D70-9DDA-E21EB7BC6014}.Debug|iPhoneSimulator.ActiveCfg = Debug|Any CPU
		{DCADE47F-791A-4D70-9DDA-E21EB7BC6014}.Debug|iPhoneSimulator.Build.0 = Debug|Any CPU
		{DCADE47F-791A-4D70-9DDA-E21EB7BC6014}.Debug|iPhoneSimulator.Deploy.0 = Debug|Any CPU
		{DCADE47F-791A-4D70-9DDA-E21EB7BC6014}.Debug|x64.ActiveCfg = Debug|Any CPU
		{DCADE47F-791A-4D70-9DDA-E21EB7BC6014}.Debug|x64.Build.0 = Debug|Any CPU
		{DCADE47F-791A-4D70-9DDA-E21EB7BC6014}.Debug|x64.Deploy.0 = Debug|Any CPU
		{DCADE47F-791A-4D70-9DDA-E21EB7BC6014}.Debug|x86.ActiveCfg = Debug|Any CPU
		{DCADE47F-791A-4D70-9DDA-E21EB7BC6014}.Debug|x86.Build.0 = Debug|Any CPU
		{DCADE47F-791A-4D70-9DDA-E21EB7BC6014}.Debug|x86.Deploy.0 = Debug|Any CPU
		{DCADE47F-791A-4D70-9DDA-E21EB7BC6014}.Release|Any CPU.ActiveCfg = Release|Any CPU
		{DCADE47F-791A-4D70-9DDA-E21EB7BC6014}.Release|Any CPU.Build.0 = Release|Any CPU
		{DCADE47F-791A-4D70-9DDA-E21EB7BC6014}.Release|Any CPU.Deploy.0 = Release|Any CPU
		{DCADE47F-791A-4D70-9DDA-E21EB7BC6014}.Release|ARM.ActiveCfg = Release|Any CPU
		{DCADE47F-791A-4D70-9DDA-E21EB7BC6014}.Release|ARM.Build.0 = Release|Any CPU
		{DCADE47F-791A-4D70-9DDA-E21EB7BC6014}.Release|ARM.Deploy.0 = Release|Any CPU
		{DCADE47F-791A-4D70-9DDA-E21EB7BC6014}.Release|iPhone.ActiveCfg = Release|Any CPU
		{DCADE47F-791A-4D70-9DDA-E21EB7BC6014}.Release|iPhone.Build.0 = Release|Any CPU
		{DCADE47F-791A-4D70-9DDA-E21EB7BC6014}.Release|iPhone.Deploy.0 = Release|Any CPU
		{DCADE47F-791A-4D70-9DDA-E21EB7BC6014}.Release|iPhoneSimulator.ActiveCfg = Release|Any CPU
		{DCADE47F-791A-4D70-9DDA-E21EB7BC6014}.Release|iPhoneSimulator.Build.0 = Release|Any CPU
		{DCADE47F-791A-4D70-9DDA-E21EB7BC6014}.Release|iPhoneSimulator.Deploy.0 = Release|Any CPU
		{DCADE47F-791A-4D70-9DDA-E21EB7BC6014}.Release|x64.ActiveCfg = Release|Any CPU
		{DCADE47F-791A-4D70-9DDA-E21EB7BC6014}.Release|x64.Build.0 = Release|Any CPU
		{DCADE47F-791A-4D70-9DDA-E21EB7BC6014}.Release|x64.Deploy.0 = Release|Any CPU
		{DCADE47F-791A-4D70-9DDA-E21EB7BC6014}.Release|x86.ActiveCfg = Release|Any CPU
		{DCADE47F-791A-4D70-9DDA-E21EB7BC6014}.Release|x86.Build.0 = Release|Any CPU
		{DCADE47F-791A-4D70-9DDA-E21EB7BC6014}.Release|x86.Deploy.0 = Release|Any CPU
	EndGlobalSection
	GlobalSection(SolutionProperties) = preSolution
		HideSolutionNode = FALSE
	EndGlobalSection
	GlobalSection(ExtensibilityGlobals) = postSolution
		SolutionGuid = {F8A1CA4D-6CED-449E-ABB7-C2FF5B54D3D3}
	EndGlobalSection
EndGlobal
